// !$*UTF8*$!
{
	archiveVersion = 1;
	classes = {
	};
	objectVersion = 55;
	objects = {

/* Begin PBXBuildFile section */
		8762994727A153CE00109AD2 /* AppDelegate.swift in Sources */ = {isa = PBXBuildFile; fileRef = 8762994627A153CE00109AD2 /* AppDelegate.swift */; };
		8762994927A153CE00109AD2 /* SceneDelegate.swift in Sources */ = {isa = PBXBuildFile; fileRef = 8762994827A153CE00109AD2 /* SceneDelegate.swift */; };
		8762994B27A153CE00109AD2 /* ViewController.swift in Sources */ = {isa = PBXBuildFile; fileRef = 8762994A27A153CE00109AD2 /* ViewController.swift */; };
		8762994E27A153CE00109AD2 /* Main.storyboard in Resources */ = {isa = PBXBuildFile; fileRef = 8762994C27A153CE00109AD2 /* Main.storyboard */; };
		8762995027A153D600109AD2 /* Assets.xcassets in Resources */ = {isa = PBXBuildFile; fileRef = 8762994F27A153D600109AD2 /* Assets.xcassets */; };
		8762995327A153D600109AD2 /* LaunchScreen.storyboard in Resources */ = {isa = PBXBuildFile; fileRef = 8762995127A153D600109AD2 /* LaunchScreen.storyboard */; };
		8762995E27A153D700109AD2 /* testttTests.swift in Sources */ = {isa = PBXBuildFile; fileRef = 8762995D27A153D700109AD2 /* testttTests.swift */; };
		8762996827A153D700109AD2 /* testttUITests.swift in Sources */ = {isa = PBXBuildFile; fileRef = 8762996727A153D700109AD2 /* testttUITests.swift */; };
		8762996A27A153D700109AD2 /* testttUITestsLaunchTests.swift in Sources */ = {isa = PBXBuildFile; fileRef = 8762996927A153D700109AD2 /* testttUITestsLaunchTests.swift */; };
/* End PBXBuildFile section */

/* Begin PBXContainerItemProxy section */
		8762995A27A153D700109AD2 /* PBXContainerItemProxy */ = {
			isa = PBXContainerItemProxy;
			containerPortal = 8762993B27A153CE00109AD2 /* Project object */;
			proxyType = 1;
			remoteGlobalIDString = 8762994227A153CE00109AD2;
			remoteInfo = testtt;
		};
		8762996427A153D700109AD2 /* PBXContainerItemProxy */ = {
			isa = PBXContainerItemProxy;
			containerPortal = 8762993B27A153CE00109AD2 /* Project object */;
			proxyType = 1;
			remoteGlobalIDString = 8762994227A153CE00109AD2;
			remoteInfo = testtt;
		};
/* End PBXContainerItemProxy section */

/* Begin PBXFileReference section */
		8762994327A153CE00109AD2 /* testtt.app */ = {isa = PBXFileReference; explicitFileType = wrapper.application; includeInIndex = 0; path = testtt.app; sourceTree = BUILT_PRODUCTS_DIR; };
		8762994627A153CE00109AD2 /* AppDelegate.swift */ = {isa = PBXFileReference; lastKnownFileType = sourcecode.swift; path = AppDelegate.swift; sourceTree = "<group>"; };
		8762994827A153CE00109AD2 /* SceneDelegate.swift */ = {isa = PBXFileReference; lastKnownFileType = sourcecode.swift; path = SceneDelegate.swift; sourceTree = "<group>"; };
		8762994A27A153CE00109AD2 /* ViewController.swift */ = {isa = PBXFileReference; lastKnownFileType = sourcecode.swift; path = ViewController.swift; sourceTree = "<group>"; };
		8762994D27A153CE00109AD2 /* Base */ = {isa = PBXFileReference; lastKnownFileType = file.storyboard; name = Base; path = Base.lproj/Main.storyboard; sourceTree = "<group>"; };
		8762994F27A153D600109AD2 /* Assets.xcassets */ = {isa = PBXFileReference; lastKnownFileType = folder.assetcatalog; path = Assets.xcassets; sourceTree = "<group>"; };
		8762995227A153D600109AD2 /* Base */ = {isa = PBXFileReference; lastKnownFileType = file.storyboard; name = Base; path = Base.lproj/LaunchScreen.storyboard; sourceTree = "<group>"; };
		8762995427A153D600109AD2 /* Info.plist */ = {isa = PBXFileReference; lastKnownFileType = text.plist.xml; path = Info.plist; sourceTree = "<group>"; };
		8762995927A153D700109AD2 /* testttTests.xctest */ = {isa = PBXFileReference; explicitFileType = wrapper.cfbundle; includeInIndex = 0; path = testttTests.xctest; sourceTree = BUILT_PRODUCTS_DIR; };
		8762995D27A153D700109AD2 /* testttTests.swift */ = {isa = PBXFileReference; lastKnownFileType = sourcecode.swift; path = testttTests.swift; sourceTree = "<group>"; };
		8762996327A153D700109AD2 /* testttUITests.xctest */ = {isa = PBXFileReference; explicitFileType = wrapper.cfbundle; includeInIndex = 0; path = testttUITests.xctest; sourceTree = BUILT_PRODUCTS_DIR; };
		8762996727A153D700109AD2 /* testttUITests.swift */ = {isa = PBXFileReference; lastKnownFileType = sourcecode.swift; path = testttUITests.swift; sourceTree = "<group>"; };
		8762996927A153D700109AD2 /* testttUITestsLaunchTests.swift */ = {isa = PBXFileReference; lastKnownFileType = sourcecode.swift; path = testttUITestsLaunchTests.swift; sourceTree = "<group>"; };
/* End PBXFileReference section */

/* Begin PBXFrameworksBuildPhase section */
		8762994027A153CE00109AD2 /* Frameworks */ = {
			isa = PBXFrameworksBuildPhase;
			buildActionMask = 2147483647;
			files = (
			);
			runOnlyForDeploymentPostprocessing = 0;
		};
		8762995627A153D700109AD2 /* Frameworks */ = {
			isa = PBXFrameworksBuildPhase;
			buildActionMask = 2147483647;
			files = (
			);
			runOnlyForDeploymentPostprocessing = 0;
		};
		8762996027A153D700109AD2 /* Frameworks */ = {
			isa = PBXFrameworksBuildPhase;
			buildActionMask = 2147483647;
			files = (
			);
			runOnlyForDeploymentPostprocessing = 0;
		};
/* End PBXFrameworksBuildPhase section */

/* Begin PBXGroup section */
		8762993A27A153CE00109AD2 = {
			isa = PBXGroup;
			children = (
				8762994527A153CE00109AD2 /* testtt */,
				8762995C27A153D700109AD2 /* testttTests */,
				8762996627A153D700109AD2 /* testttUITests */,
				8762994427A153CE00109AD2 /* Products */,
			);
			sourceTree = "<group>";
		};
		8762994427A153CE00109AD2 /* Products */ = {
			isa = PBXGroup;
			children = (
				8762994327A153CE00109AD2 /* testtt.app */,
				8762995927A153D700109AD2 /* testttTests.xctest */,
				8762996327A153D700109AD2 /* testttUITests.xctest */,
			);
			name = Products;
			sourceTree = "<group>";
		};
		8762994527A153CE00109AD2 /* testtt */ = {
			isa = PBXGroup;
			children = (
				8762994627A153CE00109AD2 /* AppDelegate.swift */,
				8762994827A153CE00109AD2 /* SceneDelegate.swift */,
				8762994A27A153CE00109AD2 /* ViewController.swift */,
				8762994C27A153CE00109AD2 /* Main.storyboard */,
				8762994F27A153D600109AD2 /* Assets.xcassets */,
				8762995127A153D600109AD2 /* LaunchScreen.storyboard */,
				8762995427A153D600109AD2 /* Info.plist */,
			);
			path = testtt;
			sourceTree = "<group>";
		};
		8762995C27A153D700109AD2 /* testttTests */ = {
			isa = PBXGroup;
			children = (
				8762995D27A153D700109AD2 /* testttTests.swift */,
			);
			path = testttTests;
			sourceTree = "<group>";
		};
		8762996627A153D700109AD2 /* testttUITests */ = {
			isa = PBXGroup;
			children = (
				8762996727A153D700109AD2 /* testttUITests.swift */,
				8762996927A153D700109AD2 /* testttUITestsLaunchTests.swift */,
			);
			path = testttUITests;
			sourceTree = "<group>";
		};
/* End PBXGroup section */

/* Begin PBXNativeTarget section */
		8762994227A153CE00109AD2 /* testtt */ = {
			isa = PBXNativeTarget;
			buildConfigurationList = 8762996D27A153D700109AD2 /* Build configuration list for PBXNativeTarget "testtt" */;
			buildPhases = (
				8762993F27A153CE00109AD2 /* Sources */,
				8762994027A153CE00109AD2 /* Frameworks */,
				8762994127A153CE00109AD2 /* Resources */,
			);
			buildRules = (
			);
			dependencies = (
			);
			name = testtt;
			productName = testtt;
			productReference = 8762994327A153CE00109AD2 /* testtt.app */;
			productType = "com.apple.product-type.application";
		};
		8762995827A153D700109AD2 /* testttTests */ = {
			isa = PBXNativeTarget;
			buildConfigurationList = 8762997027A153D700109AD2 /* Build configuration list for PBXNativeTarget "testttTests" */;
			buildPhases = (
				8762995527A153D700109AD2 /* Sources */,
				8762995627A153D700109AD2 /* Frameworks */,
				8762995727A153D700109AD2 /* Resources */,
			);
			buildRules = (
			);
			dependencies = (
				8762995B27A153D700109AD2 /* PBXTargetDependency */,
			);
			name = testttTests;
			productName = testttTests;
			productReference = 8762995927A153D700109AD2 /* testttTests.xctest */;
			productType = "com.apple.product-type.bundle.unit-test";
		};
		8762996227A153D700109AD2 /* testttUITests */ = {
			isa = PBXNativeTarget;
			buildConfigurationList = 8762997327A153D700109AD2 /* Build configuration list for PBXNativeTarget "testttUITests" */;
			buildPhases = (
				8762995F27A153D700109AD2 /* Sources */,
				8762996027A153D700109AD2 /* Frameworks */,
				8762996127A153D700109AD2 /* Resources */,
			);
			buildRules = (
			);
			dependencies = (
				8762996527A153D700109AD2 /* PBXTargetDependency */,
			);
			name = testttUITests;
			productName = testttUITests;
			productReference = 8762996327A153D700109AD2 /* testttUITests.xctest */;
			productType = "com.apple.product-type.bundle.ui-testing";
		};
/* End PBXNativeTarget section */

/* Begin PBXProject section */
		8762993B27A153CE00109AD2 /* Project object */ = {
			isa = PBXProject;
			attributes = {
				BuildIndependentTargetsInParallel = 1;
				LastSwiftUpdateCheck = 1320;
				LastUpgradeCheck = 1320;
				TargetAttributes = {
					8762994227A153CE00109AD2 = {
						CreatedOnToolsVersion = 13.2.1;
					};
					8762995827A153D700109AD2 = {
						CreatedOnToolsVersion = 13.2.1;
						TestTargetID = 8762994227A153CE00109AD2;
					};
					8762996227A153D700109AD2 = {
						CreatedOnToolsVersion = 13.2.1;
						TestTargetID = 8762994227A153CE00109AD2;
					};
				};
			};
			buildConfigurationList = 8762993E27A153CE00109AD2 /* Build configuration list for PBXProject "testtt" */;
			compatibilityVersion = "Xcode 13.0";
			developmentRegion = en;
			hasScannedForEncodings = 0;
			knownRegions = (
				en,
				Base,
			);
			mainGroup = 8762993A27A153CE00109AD2;
			productRefGroup = 8762994427A153CE00109AD2 /* Products */;
			projectDirPath = "";
			projectRoot = "";
			targets = (
				8762994227A153CE00109AD2 /* testtt */,
				8762995827A153D700109AD2 /* testttTests */,
				8762996227A153D700109AD2 /* testttUITests */,
			);
		};
/* End PBXProject section */

/* Begin PBXResourcesBuildPhase section */
		8762994127A153CE00109AD2 /* Resources */ = {
			isa = PBXResourcesBuildPhase;
			buildActionMask = 2147483647;
			files = (
				8762995327A153D600109AD2 /* LaunchScreen.storyboard in Resources */,
				8762995027A153D600109AD2 /* Assets.xcassets in Resources */,
				8762994E27A153CE00109AD2 /* Main.storyboard in Resources */,
			);
			runOnlyForDeploymentPostprocessing = 0;
		};
		8762995727A153D700109AD2 /* Resources */ = {
			isa = PBXResourcesBuildPhase;
			buildActionMask = 2147483647;
			files = (
			);
			runOnlyForDeploymentPostprocessing = 0;
		};
		8762996127A153D700109AD2 /* Resources */ = {
			isa = PBXResourcesBuildPhase;
			buildActionMask = 2147483647;
			files = (
			);
			runOnlyForDeploymentPostprocessing = 0;
		};
/* End PBXResourcesBuildPhase section */

/* Begin PBXSourcesBuildPhase section */
		8762993F27A153CE00109AD2 /* Sources */ = {
			isa = PBXSourcesBuildPhase;
			buildActionMask = 2147483647;
			files = (
				8762994B27A153CE00109AD2 /* ViewController.swift in Sources */,
				8762994727A153CE00109AD2 /* AppDelegate.swift in Sources */,
				8762994927A153CE00109AD2 /* SceneDelegate.swift in Sources */,
			);
			runOnlyForDeploymentPostprocessing = 0;
		};
		8762995527A153D700109AD2 /* Sources */ = {
			isa = PBXSourcesBuildPhase;
			buildActionMask = 2147483647;
			files = (
				8762995E27A153D700109AD2 /* testttTests.swift in Sources */,
			);
			runOnlyForDeploymentPostprocessing = 0;
		};
		8762995F27A153D700109AD2 /* Sources */ = {
			isa = PBXSourcesBuildPhase;
			buildActionMask = 2147483647;
			files = (
				8762996A27A153D700109AD2 /* testttUITestsLaunchTests.swift in Sources */,
				8762996827A153D700109AD2 /* testttUITests.swift in Sources */,
			);
			runOnlyForDeploymentPostprocessing = 0;
		};
/* End PBXSourcesBuildPhase section */

/* Begin PBXTargetDependency section */
		8762995B27A153D700109AD2 /* PBXTargetDependency */ = {
			isa = PBXTargetDependency;
			target = 8762994227A153CE00109AD2 /* testtt */;
			targetProxy = 8762995A27A153D700109AD2 /* PBXContainerItemProxy */;
		};
		8762996527A153D700109AD2 /* PBXTargetDependency */ = {
			isa = PBXTargetDependency;
			target = 8762994227A153CE00109AD2 /* testtt */;
			targetProxy = 8762996427A153D700109AD2 /* PBXContainerItemProxy */;
		};
/* End PBXTargetDependency section */

/* Begin PBXVariantGroup section */
		8762994C27A153CE00109AD2 /* Main.storyboard */ = {
			isa = PBXVariantGroup;
			children = (
				8762994D27A153CE00109AD2 /* Base */,
			);
			name = Main.storyboard;
			sourceTree = "<group>";
		};
		8762995127A153D600109AD2 /* LaunchScreen.storyboard */ = {
			isa = PBXVariantGroup;
			children = (
				8762995227A153D600109AD2 /* Base */,
			);
			name = LaunchScreen.storyboard;
			sourceTree = "<group>";
		};
/* End PBXVariantGroup section */

/* Begin XCBuildConfiguration section */
		8762996B27A153D700109AD2 /* Debug */ = {
			isa = XCBuildConfiguration;
			buildSettings = {
				ALWAYS_SEARCH_USER_PATHS = NO;
				CLANG_ANALYZER_NONNULL = YES;
				CLANG_ANALYZER_NUMBER_OBJECT_CONVERSION = YES_AGGRESSIVE;
				CLANG_CXX_LANGUAGE_STANDARD = "gnu++17";
				CLANG_CXX_LIBRARY = "libc++";
				CLANG_ENABLE_MODULES = YES;
				CLANG_ENABLE_OBJC_ARC = YES;
				CLANG_ENABLE_OBJC_WEAK = YES;
				CLANG_WARN_BLOCK_CAPTURE_AUTORELEASING = YES;
				CLANG_WARN_BOOL_CONVERSION = YES;
				CLANG_WARN_COMMA = YES;
				CLANG_WARN_CONSTANT_CONVERSION = YES;
				CLANG_WARN_DEPRECATED_OBJC_IMPLEMENTATIONS = YES;
				CLANG_WARN_DIRECT_OBJC_ISA_USAGE = YES_ERROR;
				CLANG_WARN_DOCUMENTATION_COMMENTS = YES;
				CLANG_WARN_EMPTY_BODY = YES;
				CLANG_WARN_ENUM_CONVERSION = YES;
				CLANG_WARN_INFINITE_RECURSION = YES;
				CLANG_WARN_INT_CONVERSION = YES;
				CLANG_WARN_NON_LITERAL_NULL_CONVERSION = YES;
				CLANG_WARN_OBJC_IMPLICIT_RETAIN_SELF = YES;
				CLANG_WARN_OBJC_LITERAL_CONVERSION = YES;
				CLANG_WARN_OBJC_ROOT_CLASS = YES_ERROR;
				CLANG_WARN_QUOTED_INCLUDE_IN_FRAMEWORK_HEADER = YES;
				CLANG_WARN_RANGE_LOOP_ANALYSIS = YES;
				CLANG_WARN_STRICT_PROTOTYPES = YES;
				CLANG_WARN_SUSPICIOUS_MOVE = YES;
				CLANG_WARN_UNGUARDED_AVAILABILITY = YES_AGGRESSIVE;
				CLANG_WARN_UNREACHABLE_CODE = YES;
				CLANG_WARN__DUPLICATE_METHOD_MATCH = YES;
				COPY_PHASE_STRIP = NO;
				DEBUG_INFORMATION_FORMAT = dwarf;
				ENABLE_STRICT_OBJC_MSGSEND = YES;
				ENABLE_TESTABILITY = YES;
				GCC_C_LANGUAGE_STANDARD = gnu11;
				GCC_DYNAMIC_NO_PIC = NO;
				GCC_NO_COMMON_BLOCKS = YES;
				GCC_OPTIMIZATION_LEVEL = 0;
				GCC_PREPROCESSOR_DEFINITIONS = (
					"DEBUG=1",
					"$(inherited)",
				);
				GCC_WARN_64_TO_32_BIT_CONVERSION = YES;
				GCC_WARN_ABOUT_RETURN_TYPE = YES_ERROR;
				GCC_WARN_UNDECLARED_SELECTOR = YES;
				GCC_WARN_UNINITIALIZED_AUTOS = YES_AGGRESSIVE;
				GCC_WARN_UNUSED_FUNCTION = YES;
				GCC_WARN_UNUSED_VARIABLE = YES;
				IPHONEOS_DEPLOYMENT_TARGET = 15.2;
				MTL_ENABLE_DEBUG_INFO = INCLUDE_SOURCE;
				MTL_FAST_MATH = YES;
				ONLY_ACTIVE_ARCH = YES;
				SDKROOT = iphoneos;
				SWIFT_ACTIVE_COMPILATION_CONDITIONS = DEBUG;
				SWIFT_OPTIMIZATION_LEVEL = "-Onone";
			};
			name = Debug;
		};
		8762996C27A153D700109AD2 /* Release */ = {
			isa = XCBuildConfiguration;
			buildSettings = {
				ALWAYS_SEARCH_USER_PATHS = NO;
				CLANG_ANALYZER_NONNULL = YES;
				CLANG_ANALYZER_NUMBER_OBJECT_CONVERSION = YES_AGGRESSIVE;
				CLANG_CXX_LANGUAGE_STANDARD = "gnu++17";
				CLANG_CXX_LIBRARY = "libc++";
				CLANG_ENABLE_MODULES = YES;
				CLANG_ENABLE_OBJC_ARC = YES;
				CLANG_ENABLE_OBJC_WEAK = YES;
				CLANG_WARN_BLOCK_CAPTURE_AUTORELEASING = YES;
				CLANG_WARN_BOOL_CONVERSION = YES;
				CLANG_WARN_COMMA = YES;
				CLANG_WARN_CONSTANT_CONVERSION = YES;
				CLANG_WARN_DEPRECATED_OBJC_IMPLEMENTATIONS = YES;
				CLANG_WARN_DIRECT_OBJC_ISA_USAGE = YES_ERROR;
				CLANG_WARN_DOCUMENTATION_COMMENTS = YES;
				CLANG_WARN_EMPTY_BODY = YES;
				CLANG_WARN_ENUM_CONVERSION = YES;
				CLANG_WARN_INFINITE_RECURSION = YES;
				CLANG_WARN_INT_CONVERSION = YES;
				CLANG_WARN_NON_LITERAL_NULL_CONVERSION = YES;
				CLANG_WARN_OBJC_IMPLICIT_RETAIN_SELF = YES;
				CLANG_WARN_OBJC_LITERAL_CONVERSION = YES;
				CLANG_WARN_OBJC_ROOT_CLASS = YES_ERROR;
				CLANG_WARN_QUOTED_INCLUDE_IN_FRAMEWORK_HEADER = YES;
				CLANG_WARN_RANGE_LOOP_ANALYSIS = YES;
				CLANG_WARN_STRICT_PROTOTYPES = YES;
				CLANG_WARN_SUSPICIOUS_MOVE = YES;
				CLANG_WARN_UNGUARDED_AVAILABILITY = YES_AGGRESSIVE;
				CLANG_WARN_UNREACHABLE_CODE = YES;
				CLANG_WARN__DUPLICATE_METHOD_MATCH = YES;
				COPY_PHASE_STRIP = NO;
				DEBUG_INFORMATION_FORMAT = "dwarf-with-dsym";
				ENABLE_NS_ASSERTIONS = NO;
				ENABLE_STRICT_OBJC_MSGSEND = YES;
				GCC_C_LANGUAGE_STANDARD = gnu11;
				GCC_NO_COMMON_BLOCKS = YES;
				GCC_WARN_64_TO_32_BIT_CONVERSION = YES;
				GCC_WARN_ABOUT_RETURN_TYPE = YES_ERROR;
				GCC_WARN_UNDECLARED_SELECTOR = YES;
				GCC_WARN_UNINITIALIZED_AUTOS = YES_AGGRESSIVE;
				GCC_WARN_UNUSED_FUNCTION = YES;
				GCC_WARN_UNUSED_VARIABLE = YES;
				IPHONEOS_DEPLOYMENT_TARGET = 15.2;
				MTL_ENABLE_DEBUG_INFO = NO;
				MTL_FAST_MATH = YES;
				SDKROOT = iphoneos;
				SWIFT_COMPILATION_MODE = wholemodule;
				SWIFT_OPTIMIZATION_LEVEL = "-O";
				VALIDATE_PRODUCT = YES;
			};
			name = Release;
		};
		8762996E27A153D700109AD2 /* Debug */ = {
			isa = XCBuildConfiguration;
			buildSettings = {
				ASSETCATALOG_COMPILER_APPICON_NAME = AppIcon;
				ASSETCATALOG_COMPILER_GLOBAL_ACCENT_COLOR_NAME = AccentColor;
				CODE_SIGN_STYLE = Automatic;
				CURRENT_PROJECT_VERSION = 1;
				DEVELOPMENT_TEAM = E746U3GXN3;
				GENERATE_INFOPLIST_FILE = YES;
				INFOPLIST_FILE = testtt/Info.plist;
				INFOPLIST_KEY_UIApplicationSupportsIndirectInputEvents = YES;
				INFOPLIST_KEY_UILaunchStoryboardName = LaunchScreen;
				INFOPLIST_KEY_UIMainStoryboardFile = Main;
				INFOPLIST_KEY_UISupportedInterfaceOrientations_iPad = "UIInterfaceOrientationPortrait UIInterfaceOrientationPortraitUpsideDown UIInterfaceOrientationLandscapeLeft UIInterfaceOrientationLandscapeRight";
				INFOPLIST_KEY_UISupportedInterfaceOrientations_iPhone = "UIInterfaceOrientationPortrait UIInterfaceOrientationLandscapeLeft UIInterfaceOrientationLandscapeRight";
				LD_RUNPATH_SEARCH_PATHS = (
					"$(inherited)",
					"@executable_path/Frameworks",
				);
				MARKETING_VERSION = 1.0;
				PRODUCT_BUNDLE_IDENTIFIER = EA.testtt;
				PRODUCT_NAME = "$(TARGET_NAME)";
				SWIFT_EMIT_LOC_STRINGS = YES;
				SWIFT_VERSION = 5.0;
				TARGETED_DEVICE_FAMILY = "1,2";
			};
			name = Debug;
		};
		8762996F27A153D700109AD2 /* Release */ = {
			isa = XCBuildConfiguration;
			buildSettings = {
				ASSETCATALOG_COMPILER_APPICON_NAME = AppIcon;
				ASSETCATALOG_COMPILER_GLOBAL_ACCENT_COLOR_NAME = AccentColor;
				CODE_SIGN_STYLE = Automatic;
				CURRENT_PROJECT_VERSION = 1;
				DEVELOPMENT_TEAM = E746U3GXN3;
				GENERATE_INFOPLIST_FILE = YES;
				INFOPLIST_FILE = testtt/Info.plist;
				INFOPLIST_KEY_UIApplicationSupportsIndirectInputEvents = YES;
				INFOPLIST_KEY_UILaunchStoryboardName = LaunchScreen;
				INFOPLIST_KEY_UIMainStoryboardFile = Main;
				INFOPLIST_KEY_UISupportedInterfaceOrientations_iPad = "UIInterfaceOrientationPortrait UIInterfaceOrientationPortraitUpsideDown UIInterfaceOrientationLandscapeLeft UIInterfaceOrientationLandscapeRight";
				INFOPLIST_KEY_UISupportedInterfaceOrientations_iPhone = "UIInterfaceOrientationPortrait UIInterfaceOrientationLandscapeLeft UIInterfaceOrientationLandscapeRight";
				LD_RUNPATH_SEARCH_PATHS = (
					"$(inherited)",
					"@executable_path/Frameworks",
				);
				MARKETING_VERSION = 1.0;
				PRODUCT_BUNDLE_IDENTIFIER = EA.testtt;
				PRODUCT_NAME = "$(TARGET_NAME)";
				SWIFT_EMIT_LOC_STRINGS = YES;
				SWIFT_VERSION = 5.0;
				TARGETED_DEVICE_FAMILY = "1,2";
			};
			name = Release;
		};
		8762997127A153D700109AD2 /* Debug */ = {
			isa = XCBuildConfiguration;
			buildSettings = {
				ALWAYS_EMBED_SWIFT_STANDARD_LIBRARIES = YES;
				BUNDLE_LOADER = "$(TEST_HOST)";
				CODE_SIGN_STYLE = Automatic;
				CURRENT_PROJECT_VERSION = 1;
				DEVELOPMENT_TEAM = E746U3GXN3;
				GENERATE_INFOPLIST_FILE = YES;
				IPHONEOS_DEPLOYMENT_TARGET = 15.2;
				MARKETING_VERSION = 1.0;
				PRODUCT_BUNDLE_IDENTIFIER = EA.testttTests;
				PRODUCT_NAME = "$(TARGET_NAME)";
				SWIFT_EMIT_LOC_STRINGS = NO;
				SWIFT_VERSION = 5.0;
				TARGETED_DEVICE_FAMILY = "1,2";
				TEST_HOST = "$(BUILT_PRODUCTS_DIR)/testtt.app/testtt";
			};
			name = Debug;
		};
		8762997227A153D700109AD2 /* Release */ = {
			isa = XCBuildConfiguration;
			buildSettings = {
				ALWAYS_EMBED_SWIFT_STANDARD_LIBRARIES = YES;
				BUNDLE_LOADER = "$(TEST_HOST)";
				CODE_SIGN_STYLE = Automatic;
				CURRENT_PROJECT_VERSION = 1;
				DEVELOPMENT_TEAM = E746U3GXN3;
				GENERATE_INFOPLIST_FILE = YES;
				IPHONEOS_DEPLOYMENT_TARGET = 15.2;
				MARKETING_VERSION = 1.0;
				PRODUCT_BUNDLE_IDENTIFIER = EA.testttTests;
				PRODUCT_NAME = "$(TARGET_NAME)";
				SWIFT_EMIT_LOC_STRINGS = NO;
				SWIFT_VERSION = 5.0;
				TARGETED_DEVICE_FAMILY = "1,2";
				TEST_HOST = "$(BUILT_PRODUCTS_DIR)/testtt.app/testtt";
			};
			name = Release;
		};
		8762997427A153D700109AD2 /* Debug */ = {
			isa = XCBuildConfiguration;
			buildSettings = {
				ALWAYS_EMBED_SWIFT_STANDARD_LIBRARIES = YES;
				CODE_SIGN_STYLE = Automatic;
				CURRENT_PROJECT_VERSION = 1;
				DEVELOPMENT_TEAM = E746U3GXN3;
				GENERATE_INFOPLIST_FILE = YES;
				MARKETING_VERSION = 1.0;
				PRODUCT_BUNDLE_IDENTIFIER = EA.testttUITests;
				PRODUCT_NAME = "$(TARGET_NAME)";
				SWIFT_EMIT_LOC_STRINGS = NO;
				SWIFT_VERSION = 5.0;
				TARGETED_DEVICE_FAMILY = "1,2";
				TEST_TARGET_NAME = testtt;
			};
			name = Debug;
		};
		8762997527A153D700109AD2 /* Release */ = {
			isa = XCBuildConfiguration;
			buildSettings = {
				ALWAYS_EMBED_SWIFT_STANDARD_LIBRARIES = YES;
				CODE_SIGN_STYLE = Automatic;
				CURRENT_PROJECT_VERSION = 1;
				DEVELOPMENT_TEAM = E746U3GXN3;
				GENERATE_INFOPLIST_FILE = YES;
				MARKETING_VERSION = 1.0;
				PRODUCT_BUNDLE_IDENTIFIER = EA.testttUITests;
				PRODUCT_NAME = "$(TARGET_NAME)";
				SWIFT_EMIT_LOC_STRINGS = NO;
				SWIFT_VERSION = 5.0;
				TARGETED_DEVICE_FAMILY = "1,2";
				TEST_TARGET_NAME = testtt;
			};
			name = Release;
		};
/* End XCBuildConfiguration section */

/* Begin XCConfigurationList section */
		8762993E27A153CE00109AD2 /* Build configuration list for PBXProject "testtt" */ = {
			isa = XCConfigurationList;
			buildConfigurations = (
				8762996B27A153D700109AD2 /* Debug */,
				8762996C27A153D700109AD2 /* Release */,
			);
			defaultConfigurationIsVisible = 0;
			defaultConfigurationName = Release;
		};
		8762996D27A153D700109AD2 /* Build configuration list for PBXNativeTarget "testtt" */ = {
			isa = XCConfigurationList;
			buildConfigurations = (
				8762996E27A153D700109AD2 /* Debug */,
				8762996F27A153D700109AD2 /* Release */,
			);
			defaultConfigurationIsVisible = 0;
			defaultConfigurationName = Release;
		};
		8762997027A153D700109AD2 /* Build configuration list for PBXNativeTarget "testttTests" */ = {
			isa = XCConfigurationList;
			buildConfigurations = (
				8762997127A153D700109AD2 /* Debug */,
				8762997227A153D700109AD2 /* Release */,
			);
			defaultConfigurationIsVisible = 0;
			defaultConfigurationName = Release;
		};
		8762997327A153D700109AD2 /* Build configuration list for PBXNativeTarget "testttUITests" */ = {
			isa = XCConfigurationList;
			buildConfigurations = (
				8762997427A153D700109AD2 /* Debug */,
				8762997527A153D700109AD2 /* Release */,
			);
			defaultConfigurationIsVisible = 0;
			defaultConfigurationName = Release;
		};
/* End XCConfigurationList section */
	};
	rootObject = 8762993B27A153CE00109AD2 /* Project object */;
}
